
Microsoft Visual Studio Solution File, Format Version 12.00
# Visual Studio Version 16
VisualStudioVersion = 16.0.29403.142
MinimumVisualStudioVersion = 10.0.40219.1
Project("{9A19103F-16F7-4668-BE54-9A1E7A4F7556}") = "Marvin.IDP", "Marvin.IDP\Marvin.IDP.csproj", "{8E86CC50-06AD-4E89-90A2-8B3B3F76D685}"
EndProject
Project("{FAE04EC0-301F-11D3-BF4B-00C04F79EFBC}") = "TokenAuth", "TokenAuth\TokenAuth.csproj", "{BB1E0346-8FFB-42F5-B3F4-FC58865CD65A}"
EndProject
Global
	GlobalSection(SolutionConfigurationPlatforms) = preSolution
		Debug|Any CPU = Debug|Any CPU
		Release|Any CPU = Release|Any CPU
	EndGlobalSection
	GlobalSection(ProjectConfigurationPlatforms) = postSolution
		{8E86CC50-06AD-4E89-90A2-8B3B3F76D685}.Debug|Any CPU.ActiveCfg = Debug|Any CPU
		{8E86CC50-06AD-4E89-90A2-8B3B3F76D685}.Debug|Any CPU.Build.0 = Debug|Any CPU
		{8E86CC50-06AD-4E89-90A2-8B3B3F76D685}.Release|Any CPU.ActiveCfg = Release|Any CPU
		{8E86CC50-06AD-4E89-90A2-8B3B3F76D685}.Release|Any CPU.Build.0 = Release|Any CPU
		{BB1E0346-8FFB-42F5-B3F4-FC58865CD65A}.Debug|Any CPU.ActiveCfg = Debug|Any CPU
		{BB1E0346-8FFB-42F5-B3F4-FC58865CD65A}.Debug|Any CPU.Build.0 = Debug|Any CPU
		{BB1E0346-8FFB-42F5-B3F4-FC58865CD65A}.Release|Any CPU.ActiveCfg = Release|Any CPU
		{BB1E0346-8FFB-42F5-B3F4-FC58865CD65A}.Release|Any CPU.Build.0 = Release|Any CPU
	EndGlobalSection
	GlobalSection(SolutionProperties) = preSolution
		HideSolutionNode = FALSE
	EndGlobalSection
	GlobalSection(ExtensibilityGlobals) = postSolution
		SolutionGuid = {8FAD6A7F-346C-4B06-9840-20E884BDEB91}
	EndGlobalSection
EndGlobal
